
Microsoft Visual Studio Solution File, Format Version 12.00
# Visual Studio Version 16
VisualStudioVersion = 16.0.29009.5
MinimumVisualStudioVersion = 10.0.40219.1
Project("{FAE04EC0-301F-11D3-BF4B-00C04F79EFBC}") = "StudentExercisesMVC", "StudentExercisesMVC\StudentExercisesMVC.csproj", "{A82BFEDB-C92C-4001-B822-1A7F1BFC84CC}"
EndProject
Global
	GlobalSection(SolutionConfigurationPlatforms) = preSolution
		Debug|Any CPU = Debug|Any CPU
		Release|Any CPU = Release|Any CPU
	EndGlobalSection
	GlobalSection(ProjectConfigurationPlatforms) = postSolution
		{A82BFEDB-C92C-4001-B822-1A7F1BFC84CC}.Debug|Any CPU.ActiveCfg = Debug|Any CPU
		{A82BFEDB-C92C-4001-B822-1A7F1BFC84CC}.Debug|Any CPU.Build.0 = Debug|Any CPU
		{A82BFEDB-C92C-4001-B822-1A7F1BFC84CC}.Release|Any CPU.ActiveCfg = Release|Any CPU
		{A82BFEDB-C92C-4001-B822-1A7F1BFC84CC}.Release|Any CPU.Build.0 = Release|Any CPU
	EndGlobalSection
	GlobalSection(SolutionProperties) = preSolution
		HideSolutionNode = FALSE
	EndGlobalSection
	GlobalSection(ExtensibilityGlobals) = postSolution
		SolutionGuid = {7B441B2A-297E-4E8C-A020-425CBA434495}
	EndGlobalSection
EndGlobal
